
Microsoft Visual Studio Solution File, Format Version 12.00
# Visual Studio Version 16
VisualStudioVersion = 16.0.30523.141
MinimumVisualStudioVersion = 10.0.40219.1
Project("{FAE04EC0-301F-11D3-BF4B-00C04F79EFBC}") = "DzieńNaWyścigach", "DzieńNaWyścigach\DzieńNaWyścigach.csproj", "{085294B1-DFFE-4CD7-95EB-8F21FCB8171F}"
EndProject
Global
	GlobalSection(SolutionConfigurationPlatforms) = preSolution
		Debug|Any CPU = Debug|Any CPU
		Release|Any CPU = Release|Any CPU
	EndGlobalSection
	GlobalSection(ProjectConfigurationPlatforms) = postSolution
		{085294B1-DFFE-4CD7-95EB-8F21FCB8171F}.Debug|Any CPU.ActiveCfg = Debug|Any CPU
		{085294B1-DFFE-4CD7-95EB-8F21FCB8171F}.Debug|Any CPU.Build.0 = Debug|Any CPU
		{085294B1-DFFE-4CD7-95EB-8F21FCB8171F}.Release|Any CPU.ActiveCfg = Release|Any CPU
		{085294B1-DFFE-4CD7-95EB-8F21FCB8171F}.Release|Any CPU.Build.0 = Release|Any CPU
	EndGlobalSection
	GlobalSection(SolutionProperties) = preSolution
		HideSolutionNode = FALSE
	EndGlobalSection
	GlobalSection(ExtensibilityGlobals) = postSolution
		SolutionGuid = {3676FFD3-917A-4005-80F0-1315DD0E5DB3}
	EndGlobalSection
EndGlobal
